
Microsoft Visual Studio Solution File, Format Version 12.00
# Visual Studio Version 16
VisualStudioVersion = 16.0.30204.135
MinimumVisualStudioVersion = 10.0.40219.1
Project("{FAE04EC0-301F-11D3-BF4B-00C04F79EFBC}") = "Blind_Server", "Blind_Server\Blind_Server.csproj", "{1AEC1454-B1E7-466F-B5D2-82CFFC965494}"
EndProject
Project("{FAE04EC0-301F-11D3-BF4B-00C04F79EFBC}") = "CryptoKeyGen", "CryptoKeyGen\CryptoKeyGen.csproj", "{782A2A4B-F13E-404C-8DD9-8509256DDFDA}"
EndProject
Global
	GlobalSection(SolutionConfigurationPlatforms) = preSolution
		Debug|Any CPU = Debug|Any CPU
		Release|Any CPU = Release|Any CPU
	EndGlobalSection
	GlobalSection(ProjectConfigurationPlatforms) = postSolution
		{1AEC1454-B1E7-466F-B5D2-82CFFC965494}.Debug|Any CPU.ActiveCfg = Debug|Any CPU
		{1AEC1454-B1E7-466F-B5D2-82CFFC965494}.Debug|Any CPU.Build.0 = Debug|Any CPU
		{1AEC1454-B1E7-466F-B5D2-82CFFC965494}.Release|Any CPU.ActiveCfg = Release|Any CPU
		{1AEC1454-B1E7-466F-B5D2-82CFFC965494}.Release|Any CPU.Build.0 = Release|Any CPU
		{782A2A4B-F13E-404C-8DD9-8509256DDFDA}.Debug|Any CPU.ActiveCfg = Debug|Any CPU
		{782A2A4B-F13E-404C-8DD9-8509256DDFDA}.Debug|Any CPU.Build.0 = Debug|Any CPU
		{782A2A4B-F13E-404C-8DD9-8509256DDFDA}.Release|Any CPU.ActiveCfg = Release|Any CPU
		{782A2A4B-F13E-404C-8DD9-8509256DDFDA}.Release|Any CPU.Build.0 = Release|Any CPU
	EndGlobalSection
	GlobalSection(SolutionProperties) = preSolution
		HideSolutionNode = FALSE
	EndGlobalSection
	GlobalSection(ExtensibilityGlobals) = postSolution
		SolutionGuid = {AA1CA3EB-E9CE-4A73-A2F6-3D174E08D8D3}
	EndGlobalSection
EndGlobal
